[root]
name = "irc-services"
version = "0.0.1"
dependencies = [
 "crypto 0.0.1 (git+https://github.com/seb-m/crypto.rs.git)",
 "irc 0.0.1 (git+https://github.com/aaronweiss74/irc.git)",
]

[[package]]
name = "common"
version = "0.0.1"
source = "git+https://github.com/seb-m/common.rs#c18fcb9bf15f950021fe1a4281f67b1220c274c6"

[[package]]
name = "crypto"
version = "0.0.1"
source = "git+https://github.com/seb-m/crypto.rs.git#113a15435b38a279795d86eb36053e5aa91aa30b"
dependencies = [
 "common 0.0.1 (git+https://github.com/seb-m/common.rs)",
 "curve41417 0.0.1 (git+https://github.com/seb-m/curve41417.rs)",
]

[[package]]
name = "curve41417"
version = "0.0.1"
source = "git+https://github.com/seb-m/curve41417.rs#4d05afb1673c8a7762973efba649c365d557a435"
dependencies = [
 "common 0.0.1 (git+https://github.com/seb-m/common.rs)",
]

[[package]]
name = "irc"
version = "0.0.1"
source = "git+https://github.com/aaronweiss74/irc.git#f174d17e4bd07d8ca0f04cba1f1e824086ade44f"

