[root]
name = "irc-services"
version = "0.0.1"
dependencies = [
 "crypto 0.0.1 (git+https://github.com/seb-m/crypto.rs.git)",
 "irc 0.0.1 (git+https://github.com/aaronweiss74/irc.git)",
]

[[package]]
name = "common"
version = "0.0.1"
source = "git+https://github.com/seb-m/common.rs#d49902ea9359b7d229343f77354ac3cb1f2d75bc"

[[package]]
name = "crypto"
version = "0.0.1"
source = "git+https://github.com/seb-m/crypto.rs.git#65beab2371b0408f63be7e614a12e251e133638c"
dependencies = [
 "common 0.0.1 (git+https://github.com/seb-m/common.rs)",
 "curve41417 0.0.1 (git+https://github.com/seb-m/curve41417.rs)",
]

[[package]]
name = "curve41417"
version = "0.0.1"
source = "git+https://github.com/seb-m/curve41417.rs#8995a80a6ea347015deb760a43ce860175b2400a"
dependencies = [
 "common 0.0.1 (git+https://github.com/seb-m/common.rs)",
]

[[package]]
name = "irc"
version = "0.0.1"
source = "git+https://github.com/aaronweiss74/irc.git#df0f05f4be1b6fb0e3dfaaeb8a78a5564179bfeb"

